
Microsoft Visual Studio Solution File, Format Version 12.00
# Visual Studio Version 17
VisualStudioVersion = 17.7.33711.374
MinimumVisualStudioVersion = 10.0.40219.1
Project("{FAE04EC0-301F-11D3-BF4B-00C04F79EFBC}") = "estacionamento", "estacionamento\estacionamento.csproj", "{098879D3-9A29-46F4-8860-8C3407318787}"
EndProject
Global
	GlobalSection(SolutionConfigurationPlatforms) = preSolution
		Debug|Any CPU = Debug|Any CPU
		Release|Any CPU = Release|Any CPU
	EndGlobalSection
	GlobalSection(ProjectConfigurationPlatforms) = postSolution
		{098879D3-9A29-46F4-8860-8C3407318787}.Debug|Any CPU.ActiveCfg = Debug|Any CPU
		{098879D3-9A29-46F4-8860-8C3407318787}.Debug|Any CPU.Build.0 = Debug|Any CPU
		{098879D3-9A29-46F4-8860-8C3407318787}.Release|Any CPU.ActiveCfg = Release|Any CPU
		{098879D3-9A29-46F4-8860-8C3407318787}.Release|Any CPU.Build.0 = Release|Any CPU
	EndGlobalSection
	GlobalSection(SolutionProperties) = preSolution
		HideSolutionNode = FALSE
	EndGlobalSection
	GlobalSection(ExtensibilityGlobals) = postSolution
		SolutionGuid = {85976D52-39C4-498E-B63A-95458526233C}
	EndGlobalSection
EndGlobal
